
Microsoft Visual Studio Solution File, Format Version 12.00
# Visual Studio Version 16
VisualStudioVersion = 16.0.30717.126
MinimumVisualStudioVersion = 10.0.40219.1
Project("{9A19103F-16F7-4668-BE54-9A1E7A4F7556}") = "ioList", "ioList\ioList.csproj", "{CAFD4152-43F6-4171-B369-357B65463C90}"
EndProject
Project("{2150E333-8FDC-42A3-9474-1A3956D46DE8}") = "Modules", "Modules", "{1FCB891B-83DA-431F-8D86-8A781521860E}"
EndProject
Project("{FAE04EC0-301F-11D3-BF4B-00C04F79EFBC}") = "ioList.Module.Settings", "ioList.Module.Settings\ioList.Module.Settings.csproj", "{6193AFE4-0DFA-47A8-9192-A03F868FD3B6}"
EndProject
Project("{FAE04EC0-301F-11D3-BF4B-00C04F79EFBC}") = "ioList.Domain", "ioList.Domain\ioList.Domain.csproj", "{14E84ECE-BDEE-46A7-8630-BF29F4094AD6}"
EndProject
Project("{FAE04EC0-301F-11D3-BF4B-00C04F79EFBC}") = "ioList.Resources", "ioList.Resources\ioList.Resources.csproj", "{FC832C6F-CA2F-44FF-AE23-FF856C593376}"
EndProject
Project("{FAE04EC0-301F-11D3-BF4B-00C04F79EFBC}") = "ioList.Observers", "ioList.Observers\ioList.Observers.csproj", "{FAB65615-B80D-490D-90C8-15554EE0E5AA}"
EndProject
Project("{FAE04EC0-301F-11D3-BF4B-00C04F79EFBC}") = "ioList.Common", "ioList.Common\ioList.Common.csproj", "{45FBF7CA-4BD0-41DE-BE0B-92F3FD3B9441}"
EndProject
Project("{FAE04EC0-301F-11D3-BF4B-00C04F79EFBC}") = "ioList.Data", "ioList.Data\ioList.Data.csproj", "{27AD822D-BEF0-43AE-906F-EFD6543E8D0F}"
EndProject
Project("{FAE04EC0-301F-11D3-BF4B-00C04F79EFBC}") = "ioList.Services", "ioList.Services\ioList.Services.csproj", "{89233DEE-7AA8-4115-A5B0-AA53BA5E29E6}"
EndProject
Project("{2150E333-8FDC-42A3-9474-1A3956D46DE8}") = "Tests", "Tests", "{49BB8D96-44A0-4AC4-A8C8-38D89578C486}"
EndProject
Project("{FAE04EC0-301F-11D3-BF4B-00C04F79EFBC}") = "ioList.Domain.Tests", "..\tests\ioList.Domain.Tests\ioList.Domain.Tests.csproj", "{B7DBD773-9DD8-4FF4-88A6-B05F7DE60477}"
EndProject
Project("{FAE04EC0-301F-11D3-BF4B-00C04F79EFBC}") = "ioList.Data.Tests", "..\tests\ioList.Data.Tests\ioList.Data.Tests.csproj", "{EE69A800-0132-46ED-A1FB-B5CB516384E0}"
EndProject
Project("{FAE04EC0-301F-11D3-BF4B-00C04F79EFBC}") = "ioList.Module.Dialogs", "ioList.Module.Dialogs\ioList.Module.Dialogs.csproj", "{B139EC47-16DC-4CE0-B44B-BF7D850BA73F}"
EndProject
Project("{FAE04EC0-301F-11D3-BF4B-00C04F79EFBC}") = "ioList.Module.Import", "ioList.Module.Import\ioList.Module.Import.csproj", "{587D5440-CB47-487B-89F7-E4F9DB88794D}"
EndProject
Global
	GlobalSection(SolutionConfigurationPlatforms) = preSolution
		Debug|Any CPU = Debug|Any CPU
		Release|Any CPU = Release|Any CPU
	EndGlobalSection
	GlobalSection(ProjectConfigurationPlatforms) = postSolution
		{CAFD4152-43F6-4171-B369-357B65463C90}.Debug|Any CPU.ActiveCfg = Debug|Any CPU
		{CAFD4152-43F6-4171-B369-357B65463C90}.Debug|Any CPU.Build.0 = Debug|Any CPU
		{CAFD4152-43F6-4171-B369-357B65463C90}.Release|Any CPU.ActiveCfg = Release|Any CPU
		{CAFD4152-43F6-4171-B369-357B65463C90}.Release|Any CPU.Build.0 = Release|Any CPU
		{6193AFE4-0DFA-47A8-9192-A03F868FD3B6}.Debug|Any CPU.ActiveCfg = Debug|Any CPU
		{6193AFE4-0DFA-47A8-9192-A03F868FD3B6}.Debug|Any CPU.Build.0 = Debug|Any CPU
		{6193AFE4-0DFA-47A8-9192-A03F868FD3B6}.Release|Any CPU.ActiveCfg = Release|Any CPU
		{6193AFE4-0DFA-47A8-9192-A03F868FD3B6}.Release|Any CPU.Build.0 = Release|Any CPU
		{14E84ECE-BDEE-46A7-8630-BF29F4094AD6}.Debug|Any CPU.ActiveCfg = Debug|Any CPU
		{14E84ECE-BDEE-46A7-8630-BF29F4094AD6}.Debug|Any CPU.Build.0 = Debug|Any CPU
		{14E84ECE-BDEE-46A7-8630-BF29F4094AD6}.Release|Any CPU.ActiveCfg = Release|Any CPU
		{14E84ECE-BDEE-46A7-8630-BF29F4094AD6}.Release|Any CPU.Build.0 = Release|Any CPU
		{FC832C6F-CA2F-44FF-AE23-FF856C593376}.Debug|Any CPU.ActiveCfg = Debug|Any CPU
		{FC832C6F-CA2F-44FF-AE23-FF856C593376}.Debug|Any CPU.Build.0 = Debug|Any CPU
		{FC832C6F-CA2F-44FF-AE23-FF856C593376}.Release|Any CPU.ActiveCfg = Release|Any CPU
		{FC832C6F-CA2F-44FF-AE23-FF856C593376}.Release|Any CPU.Build.0 = Release|Any CPU
		{FAB65615-B80D-490D-90C8-15554EE0E5AA}.Debug|Any CPU.ActiveCfg = Debug|Any CPU
		{FAB65615-B80D-490D-90C8-15554EE0E5AA}.Debug|Any CPU.Build.0 = Debug|Any CPU
		{FAB65615-B80D-490D-90C8-15554EE0E5AA}.Release|Any CPU.ActiveCfg = Release|Any CPU
		{FAB65615-B80D-490D-90C8-15554EE0E5AA}.Release|Any CPU.Build.0 = Release|Any CPU
		{45FBF7CA-4BD0-41DE-BE0B-92F3FD3B9441}.Debug|Any CPU.ActiveCfg = Debug|Any CPU
		{45FBF7CA-4BD0-41DE-BE0B-92F3FD3B9441}.Debug|Any CPU.Build.0 = Debug|Any CPU
		{45FBF7CA-4BD0-41DE-BE0B-92F3FD3B9441}.Release|Any CPU.ActiveCfg = Release|Any CPU
		{45FBF7CA-4BD0-41DE-BE0B-92F3FD3B9441}.Release|Any CPU.Build.0 = Release|Any CPU
		{27AD822D-BEF0-43AE-906F-EFD6543E8D0F}.Debug|Any CPU.ActiveCfg = Debug|Any CPU
		{27AD822D-BEF0-43AE-906F-EFD6543E8D0F}.Debug|Any CPU.Build.0 = Debug|Any CPU
		{27AD822D-BEF0-43AE-906F-EFD6543E8D0F}.Release|Any CPU.ActiveCfg = Release|Any CPU
		{27AD822D-BEF0-43AE-906F-EFD6543E8D0F}.Release|Any CPU.Build.0 = Release|Any CPU
		{89233DEE-7AA8-4115-A5B0-AA53BA5E29E6}.Debug|Any CPU.ActiveCfg = Debug|Any CPU
		{89233DEE-7AA8-4115-A5B0-AA53BA5E29E6}.Debug|Any CPU.Build.0 = Debug|Any CPU
		{89233DEE-7AA8-4115-A5B0-AA53BA5E29E6}.Release|Any CPU.ActiveCfg = Release|Any CPU
		{89233DEE-7AA8-4115-A5B0-AA53BA5E29E6}.Release|Any CPU.Build.0 = Release|Any CPU
		{B7DBD773-9DD8-4FF4-88A6-B05F7DE60477}.Debug|Any CPU.ActiveCfg = Debug|Any CPU
		{B7DBD773-9DD8-4FF4-88A6-B05F7DE60477}.Debug|Any CPU.Build.0 = Debug|Any CPU
		{B7DBD773-9DD8-4FF4-88A6-B05F7DE60477}.Release|Any CPU.ActiveCfg = Release|Any CPU
		{B7DBD773-9DD8-4FF4-88A6-B05F7DE60477}.Release|Any CPU.Build.0 = Release|Any CPU
		{EE69A800-0132-46ED-A1FB-B5CB516384E0}.Debug|Any CPU.ActiveCfg = Debug|Any CPU
		{EE69A800-0132-46ED-A1FB-B5CB516384E0}.Debug|Any CPU.Build.0 = Debug|Any CPU
		{EE69A800-0132-46ED-A1FB-B5CB516384E0}.Release|Any CPU.ActiveCfg = Release|Any CPU
		{EE69A800-0132-46ED-A1FB-B5CB516384E0}.Release|Any CPU.Build.0 = Release|Any CPU
		{B139EC47-16DC-4CE0-B44B-BF7D850BA73F}.Debug|Any CPU.ActiveCfg = Debug|Any CPU
		{B139EC47-16DC-4CE0-B44B-BF7D850BA73F}.Debug|Any CPU.Build.0 = Debug|Any CPU
		{B139EC47-16DC-4CE0-B44B-BF7D850BA73F}.Release|Any CPU.ActiveCfg = Release|Any CPU
		{B139EC47-16DC-4CE0-B44B-BF7D850BA73F}.Release|Any CPU.Build.0 = Release|Any CPU
		{587D5440-CB47-487B-89F7-E4F9DB88794D}.Debug|Any CPU.ActiveCfg = Debug|Any CPU
		{587D5440-CB47-487B-89F7-E4F9DB88794D}.Debug|Any CPU.Build.0 = Debug|Any CPU
		{587D5440-CB47-487B-89F7-E4F9DB88794D}.Release|Any CPU.ActiveCfg = Release|Any CPU
		{587D5440-CB47-487B-89F7-E4F9DB88794D}.Release|Any CPU.Build.0 = Release|Any CPU
	EndGlobalSection
	GlobalSection(SolutionProperties) = preSolution
		HideSolutionNode = FALSE
	EndGlobalSection
	GlobalSection(NestedProjects) = preSolution
		{6193AFE4-0DFA-47A8-9192-A03F868FD3B6} = {1FCB891B-83DA-431F-8D86-8A781521860E}
		{B7DBD773-9DD8-4FF4-88A6-B05F7DE60477} = {49BB8D96-44A0-4AC4-A8C8-38D89578C486}
		{EE69A800-0132-46ED-A1FB-B5CB516384E0} = {49BB8D96-44A0-4AC4-A8C8-38D89578C486}
		{B139EC47-16DC-4CE0-B44B-BF7D850BA73F} = {1FCB891B-83DA-431F-8D86-8A781521860E}
		{587D5440-CB47-487B-89F7-E4F9DB88794D} = {1FCB891B-83DA-431F-8D86-8A781521860E}
	EndGlobalSection
	GlobalSection(ExtensibilityGlobals) = postSolution
		SolutionGuid = {8F6D70FE-3EB6-436A-84F5-DCEA710E915D}
	EndGlobalSection
EndGlobal
